
Microsoft Visual Studio Solution File, Format Version 12.00
# Visual Studio Version 17
VisualStudioVersion = 17.10.35013.160
MinimumVisualStudioVersion = 10.0.40219.1
Project("{2150E333-8FDC-42A3-9474-1A3956D46DE8}") = "Services", "Services", "{78462D9C-3DB6-4691-9323-6484C9A00B8E}"
EndProject
Project("{2150E333-8FDC-42A3-9474-1A3956D46DE8}") = "Catalog", "Catalog", "{3BF3BD91-5234-4F13-9BD9-C0951A9D2D3D}"
EndProject
Project("{9A19103F-16F7-4668-BE54-9A1E7A4F7556}") = "Catalog.API", "Services\Catalog\Catalog.API\Catalog.API.csproj", "{5BE71090-2DF2-4FAB-A60B-328CE7EC2646}"
EndProject
Project("{2150E333-8FDC-42A3-9474-1A3956D46DE8}") = "BuildingBlocks", "BuildingBlocks", "{10A2684F-45FC-4CB5-B07C-802E1707DEA2}"
EndProject
Project("{9A19103F-16F7-4668-BE54-9A1E7A4F7556}") = "BuildingBlocks", "BuildingBlocks\BuildingBlocks\BuildingBlocks.csproj", "{9BDDA908-898D-46A1-BDC1-FBD2DA2FD9D0}"
EndProject
Project("{E53339B2-1760-4266-BCC7-CA923CBCF16C}") = "docker-compose", "docker-compose.dcproj", "{6C53C1FB-2B01-43D5-BB5D-622BC9857D0A}"
EndProject
Project("{2150E333-8FDC-42A3-9474-1A3956D46DE8}") = "Basket", "Basket", "{A986469D-3B03-470A-B436-C97D003B57BF}"
EndProject
Project("{9A19103F-16F7-4668-BE54-9A1E7A4F7556}") = "Basket.API", "Services\Basket\Basket.API\Basket.API.csproj", "{F9ADE48F-F48B-4F61-A84D-A6CADEA41A9D}"
EndProject
Project("{2150E333-8FDC-42A3-9474-1A3956D46DE8}") = "Discount", "Discount", "{A55ED36A-E2EF-464C-9555-D35A93406933}"
EndProject
Project("{FAE04EC0-301F-11D3-BF4B-00C04F79EFBC}") = "Discount.Grpc", "Services\Discount\Discount.Grpc\Discount.Grpc.csproj", "{24E831D4-4A4E-4D99-AA3D-BE0CEF7D511D}"
EndProject
Global
	GlobalSection(SolutionConfigurationPlatforms) = preSolution
		Debug|Any CPU = Debug|Any CPU
		Release|Any CPU = Release|Any CPU
	EndGlobalSection
	GlobalSection(ProjectConfigurationPlatforms) = postSolution
		{5BE71090-2DF2-4FAB-A60B-328CE7EC2646}.Debug|Any CPU.ActiveCfg = Debug|Any CPU
		{5BE71090-2DF2-4FAB-A60B-328CE7EC2646}.Debug|Any CPU.Build.0 = Debug|Any CPU
		{5BE71090-2DF2-4FAB-A60B-328CE7EC2646}.Release|Any CPU.ActiveCfg = Release|Any CPU
		{5BE71090-2DF2-4FAB-A60B-328CE7EC2646}.Release|Any CPU.Build.0 = Release|Any CPU
		{9BDDA908-898D-46A1-BDC1-FBD2DA2FD9D0}.Debug|Any CPU.ActiveCfg = Debug|Any CPU
		{9BDDA908-898D-46A1-BDC1-FBD2DA2FD9D0}.Debug|Any CPU.Build.0 = Debug|Any CPU
		{9BDDA908-898D-46A1-BDC1-FBD2DA2FD9D0}.Release|Any CPU.ActiveCfg = Release|Any CPU
		{9BDDA908-898D-46A1-BDC1-FBD2DA2FD9D0}.Release|Any CPU.Build.0 = Release|Any CPU
		{6C53C1FB-2B01-43D5-BB5D-622BC9857D0A}.Debug|Any CPU.ActiveCfg = Debug|Any CPU
		{6C53C1FB-2B01-43D5-BB5D-622BC9857D0A}.Debug|Any CPU.Build.0 = Debug|Any CPU
		{6C53C1FB-2B01-43D5-BB5D-622BC9857D0A}.Release|Any CPU.ActiveCfg = Release|Any CPU
		{6C53C1FB-2B01-43D5-BB5D-622BC9857D0A}.Release|Any CPU.Build.0 = Release|Any CPU
		{F9ADE48F-F48B-4F61-A84D-A6CADEA41A9D}.Debug|Any CPU.ActiveCfg = Debug|Any CPU
		{F9ADE48F-F48B-4F61-A84D-A6CADEA41A9D}.Debug|Any CPU.Build.0 = Debug|Any CPU
		{F9ADE48F-F48B-4F61-A84D-A6CADEA41A9D}.Release|Any CPU.ActiveCfg = Release|Any CPU
		{F9ADE48F-F48B-4F61-A84D-A6CADEA41A9D}.Release|Any CPU.Build.0 = Release|Any CPU
		{24E831D4-4A4E-4D99-AA3D-BE0CEF7D511D}.Debug|Any CPU.ActiveCfg = Debug|Any CPU
		{24E831D4-4A4E-4D99-AA3D-BE0CEF7D511D}.Debug|Any CPU.Build.0 = Debug|Any CPU
		{24E831D4-4A4E-4D99-AA3D-BE0CEF7D511D}.Release|Any CPU.ActiveCfg = Release|Any CPU
		{24E831D4-4A4E-4D99-AA3D-BE0CEF7D511D}.Release|Any CPU.Build.0 = Release|Any CPU
	EndGlobalSection
	GlobalSection(SolutionProperties) = preSolution
		HideSolutionNode = FALSE
	EndGlobalSection
	GlobalSection(NestedProjects) = preSolution
		{3BF3BD91-5234-4F13-9BD9-C0951A9D2D3D} = {78462D9C-3DB6-4691-9323-6484C9A00B8E}
		{5BE71090-2DF2-4FAB-A60B-328CE7EC2646} = {3BF3BD91-5234-4F13-9BD9-C0951A9D2D3D}
		{9BDDA908-898D-46A1-BDC1-FBD2DA2FD9D0} = {10A2684F-45FC-4CB5-B07C-802E1707DEA2}
		{A986469D-3B03-470A-B436-C97D003B57BF} = {78462D9C-3DB6-4691-9323-6484C9A00B8E}
		{F9ADE48F-F48B-4F61-A84D-A6CADEA41A9D} = {A986469D-3B03-470A-B436-C97D003B57BF}
		{A55ED36A-E2EF-464C-9555-D35A93406933} = {78462D9C-3DB6-4691-9323-6484C9A00B8E}
		{24E831D4-4A4E-4D99-AA3D-BE0CEF7D511D} = {A55ED36A-E2EF-464C-9555-D35A93406933}
	EndGlobalSection
	GlobalSection(ExtensibilityGlobals) = postSolution
		SolutionGuid = {4AF26D18-14D3-4577-9BC6-349433E6C359}
	EndGlobalSection
EndGlobal
